
Microsoft Visual Studio Solution File, Format Version 12.00
# Visual Studio 15
VisualStudioVersion = 15.0.27130.2027
MinimumVisualStudioVersion = 10.0.40219.1
Project("{FAE04EC0-301F-11D3-BF4B-00C04F79EFBC}") = "Flight_project", "Flight_project\Flight_project.csproj", "{996CF03B-9D57-4289-AB98-9CAF10869D94}"
EndProject
Global
	GlobalSection(SolutionConfigurationPlatforms) = preSolution
		Debug|Any CPU = Debug|Any CPU
		Release|Any CPU = Release|Any CPU
	EndGlobalSection
	GlobalSection(ProjectConfigurationPlatforms) = postSolution
		{996CF03B-9D57-4289-AB98-9CAF10869D94}.Debug|Any CPU.ActiveCfg = Debug|Any CPU
		{996CF03B-9D57-4289-AB98-9CAF10869D94}.Debug|Any CPU.Build.0 = Debug|Any CPU
		{996CF03B-9D57-4289-AB98-9CAF10869D94}.Release|Any CPU.ActiveCfg = Release|Any CPU
		{996CF03B-9D57-4289-AB98-9CAF10869D94}.Release|Any CPU.Build.0 = Release|Any CPU
	EndGlobalSection
	GlobalSection(SolutionProperties) = preSolution
		HideSolutionNode = FALSE
	EndGlobalSection
	GlobalSection(ExtensibilityGlobals) = postSolution
		SolutionGuid = {6F600E20-5BA0-463D-9410-33D7656751A5}
	EndGlobalSection
EndGlobal
